
Microsoft Visual Studio Solution File, Format Version 12.00
# Visual Studio Version 17
VisualStudioVersion = 17.10.34928.147
MinimumVisualStudioVersion = 10.0.40219.1
Project("{FAE04EC0-301F-11D3-BF4B-00C04F79EFBC}") = "AutoClicker", "AutoClicker\AutoClicker.csproj", "{527A3A5A-B928-41DB-94BF-CF7674BB2180}"
EndProject
Project("{FAE04EC0-301F-11D3-BF4B-00C04F79EFBC}") = "Installer", "Installer\Installer.csproj", "{02CA5F35-C597-4928-8B73-7FCF996198E5}"
EndProject
Global
	GlobalSection(SolutionConfigurationPlatforms) = preSolution
		Debug|Any CPU = Debug|Any CPU
		Release|Any CPU = Release|Any CPU
	EndGlobalSection
	GlobalSection(ProjectConfigurationPlatforms) = postSolution
		{527A3A5A-B928-41DB-94BF-CF7674BB2180}.Debug|Any CPU.ActiveCfg = Debug|Any CPU
		{527A3A5A-B928-41DB-94BF-CF7674BB2180}.Debug|Any CPU.Build.0 = Debug|Any CPU
		{527A3A5A-B928-41DB-94BF-CF7674BB2180}.Release|Any CPU.ActiveCfg = Release|Any CPU
		{527A3A5A-B928-41DB-94BF-CF7674BB2180}.Release|Any CPU.Build.0 = Release|Any CPU
		{02CA5F35-C597-4928-8B73-7FCF996198E5}.Debug|Any CPU.ActiveCfg = Debug|Any CPU
		{02CA5F35-C597-4928-8B73-7FCF996198E5}.Debug|Any CPU.Build.0 = Debug|Any CPU
		{02CA5F35-C597-4928-8B73-7FCF996198E5}.Release|Any CPU.ActiveCfg = Release|Any CPU
		{02CA5F35-C597-4928-8B73-7FCF996198E5}.Release|Any CPU.Build.0 = Release|Any CPU
	EndGlobalSection
	GlobalSection(SolutionProperties) = preSolution
		HideSolutionNode = FALSE
	EndGlobalSection
	GlobalSection(ExtensibilityGlobals) = postSolution
		SolutionGuid = {76C5E318-9FC0-45A0-8A54-2FCEE48E89CE}
	EndGlobalSection
EndGlobal
